
Microsoft Visual Studio Solution File, Format Version 12.00
# Visual Studio Version 16
VisualStudioVersion = 16.0.29609.76
MinimumVisualStudioVersion = 10.0.40219.1
Project("{9A19103F-16F7-4668-BE54-9A1E7A4F7556}") = "Mp3Cutter.Module", "Mp3Cutter.Module\Mp3Cutter.Module.csproj", "{5D1B8DFA-4DDF-4471-B754-FE4B366E165B}"
EndProject
Project("{9A19103F-16F7-4668-BE54-9A1E7A4F7556}") = "Mp3Cutter.Extensibility", "Mp3Cutter.Extensibility\Mp3Cutter.Extensibility.csproj", "{0FE65F59-D34D-46E5-86EA-22590C53250B}"
EndProject
Project("{9A19103F-16F7-4668-BE54-9A1E7A4F7556}") = "Mp3Cutter.Service", "Mp3Cutter.Service\Mp3Cutter.Service.csproj", "{C62BF4FB-4650-4D34-BAF0-9141BDFFED57}"
EndProject
Project("{9A19103F-16F7-4668-BE54-9A1E7A4F7556}") = "Mp3Cutter.WinFormsUI", "Mp3Cutter.WinFormsUI\Mp3Cutter.WinFormsUI.csproj", "{4ABABA50-2683-4A76-B2A5-76D45C935F3E}"
EndProject
Project("{9A19103F-16F7-4668-BE54-9A1E7A4F7556}") = "Mp3Cutter.Tests.Unit", "Mp3Cutter.Tests.Unit\Mp3Cutter.Tests.Unit.csproj", "{7C37F85B-6D39-4D15-B1CF-E41C4B2A70FD}"
EndProject
Project("{9A19103F-16F7-4668-BE54-9A1E7A4F7556}") = "Mp3Cutter.Console", "Mp3Cutter.Console\Mp3Cutter.Console.csproj", "{7F4034F2-1D0A-4F9D-9C75-D747FE171F5F}"
EndProject
Global
	GlobalSection(SolutionConfigurationPlatforms) = preSolution
		Debug|Any CPU = Debug|Any CPU
		Release|Any CPU = Release|Any CPU
	EndGlobalSection
	GlobalSection(ProjectConfigurationPlatforms) = postSolution
		{5D1B8DFA-4DDF-4471-B754-FE4B366E165B}.Debug|Any CPU.ActiveCfg = Debug|Any CPU
		{5D1B8DFA-4DDF-4471-B754-FE4B366E165B}.Debug|Any CPU.Build.0 = Debug|Any CPU
		{5D1B8DFA-4DDF-4471-B754-FE4B366E165B}.Release|Any CPU.ActiveCfg = Release|Any CPU
		{5D1B8DFA-4DDF-4471-B754-FE4B366E165B}.Release|Any CPU.Build.0 = Release|Any CPU
		{0FE65F59-D34D-46E5-86EA-22590C53250B}.Debug|Any CPU.ActiveCfg = Debug|Any CPU
		{0FE65F59-D34D-46E5-86EA-22590C53250B}.Debug|Any CPU.Build.0 = Debug|Any CPU
		{0FE65F59-D34D-46E5-86EA-22590C53250B}.Release|Any CPU.ActiveCfg = Release|Any CPU
		{0FE65F59-D34D-46E5-86EA-22590C53250B}.Release|Any CPU.Build.0 = Release|Any CPU
		{C62BF4FB-4650-4D34-BAF0-9141BDFFED57}.Debug|Any CPU.ActiveCfg = Debug|Any CPU
		{C62BF4FB-4650-4D34-BAF0-9141BDFFED57}.Debug|Any CPU.Build.0 = Debug|Any CPU
		{C62BF4FB-4650-4D34-BAF0-9141BDFFED57}.Release|Any CPU.ActiveCfg = Release|Any CPU
		{C62BF4FB-4650-4D34-BAF0-9141BDFFED57}.Release|Any CPU.Build.0 = Release|Any CPU
		{4ABABA50-2683-4A76-B2A5-76D45C935F3E}.Debug|Any CPU.ActiveCfg = Debug|Any CPU
		{4ABABA50-2683-4A76-B2A5-76D45C935F3E}.Debug|Any CPU.Build.0 = Debug|Any CPU
		{4ABABA50-2683-4A76-B2A5-76D45C935F3E}.Release|Any CPU.ActiveCfg = Release|Any CPU
		{4ABABA50-2683-4A76-B2A5-76D45C935F3E}.Release|Any CPU.Build.0 = Release|Any CPU
		{7C37F85B-6D39-4D15-B1CF-E41C4B2A70FD}.Debug|Any CPU.ActiveCfg = Debug|Any CPU
		{7C37F85B-6D39-4D15-B1CF-E41C4B2A70FD}.Debug|Any CPU.Build.0 = Debug|Any CPU
		{7C37F85B-6D39-4D15-B1CF-E41C4B2A70FD}.Release|Any CPU.ActiveCfg = Release|Any CPU
		{7C37F85B-6D39-4D15-B1CF-E41C4B2A70FD}.Release|Any CPU.Build.0 = Release|Any CPU
		{7F4034F2-1D0A-4F9D-9C75-D747FE171F5F}.Debug|Any CPU.ActiveCfg = Debug|Any CPU
		{7F4034F2-1D0A-4F9D-9C75-D747FE171F5F}.Debug|Any CPU.Build.0 = Debug|Any CPU
		{7F4034F2-1D0A-4F9D-9C75-D747FE171F5F}.Release|Any CPU.ActiveCfg = Release|Any CPU
		{7F4034F2-1D0A-4F9D-9C75-D747FE171F5F}.Release|Any CPU.Build.0 = Release|Any CPU
	EndGlobalSection
	GlobalSection(SolutionProperties) = preSolution
		HideSolutionNode = FALSE
	EndGlobalSection
	GlobalSection(ExtensibilityGlobals) = postSolution
		SolutionGuid = {A1655FE6-5F34-4D74-AD0D-B6833F7922EB}
	EndGlobalSection
EndGlobal
